
Microsoft Visual Studio Solution File, Format Version 12.00
# Visual Studio Version 17
VisualStudioVersion = 17.11.35327.3
MinimumVisualStudioVersion = 10.0.40219.1
Project("{9A19103F-16F7-4668-BE54-9A1E7A4F7556}") = "TaskManager", "TaskManager.csproj", "{66D18B6C-3CAA-4412-947F-3B3E2E1336DF}"
EndProject
Project("{2150E333-8FDC-42A3-9474-1A3956D46DE8}") = "Elementos de la solución", "Elementos de la solución", "{B8CA826F-A42A-47AF-9132-74586A7F44B4}"
	ProjectSection(SolutionItems) = preProject
		..\..\..\Downloads\task_manager.ico = ..\..\..\Downloads\task_manager.ico
	EndProjectSection
EndProject
Global
	GlobalSection(SolutionConfigurationPlatforms) = preSolution
		Debug|Any CPU = Debug|Any CPU
		Release|Any CPU = Release|Any CPU
	EndGlobalSection
	GlobalSection(ProjectConfigurationPlatforms) = postSolution
		{66D18B6C-3CAA-4412-947F-3B3E2E1336DF}.Debug|Any CPU.ActiveCfg = Debug|Any CPU
		{66D18B6C-3CAA-4412-947F-3B3E2E1336DF}.Debug|Any CPU.Build.0 = Debug|Any CPU
		{66D18B6C-3CAA-4412-947F-3B3E2E1336DF}.Release|Any CPU.ActiveCfg = Release|Any CPU
		{66D18B6C-3CAA-4412-947F-3B3E2E1336DF}.Release|Any CPU.Build.0 = Release|Any CPU
	EndGlobalSection
	GlobalSection(SolutionProperties) = preSolution
		HideSolutionNode = FALSE
	EndGlobalSection
	GlobalSection(ExtensibilityGlobals) = postSolution
		SolutionGuid = {DB2105D5-9A23-4411-A94C-F4229E7D7F50}
	EndGlobalSection
EndGlobal
